
Microsoft Visual Studio Solution File, Format Version 12.00
# Visual Studio Version 17
VisualStudioVersion = 17.9.34723.18
MinimumVisualStudioVersion = 10.0.40219.1
Project("{9A19103F-16F7-4668-BE54-9A1E7A4F7556}") = "Book And Supply", "Book And Supply\Book And Supply.csproj", "{4F1D3AB2-8B46-48FB-B53E-EE8F399C33B7}"
EndProject
Global
	GlobalSection(SolutionConfigurationPlatforms) = preSolution
		Debug|Any CPU = Debug|Any CPU
		Release|Any CPU = Release|Any CPU
	EndGlobalSection
	GlobalSection(ProjectConfigurationPlatforms) = postSolution
		{4F1D3AB2-8B46-48FB-B53E-EE8F399C33B7}.Debug|Any CPU.ActiveCfg = Debug|Any CPU
		{4F1D3AB2-8B46-48FB-B53E-EE8F399C33B7}.Debug|Any CPU.Build.0 = Debug|Any CPU
		{4F1D3AB2-8B46-48FB-B53E-EE8F399C33B7}.Release|Any CPU.ActiveCfg = Release|Any CPU
		{4F1D3AB2-8B46-48FB-B53E-EE8F399C33B7}.Release|Any CPU.Build.0 = Release|Any CPU
	EndGlobalSection
	GlobalSection(SolutionProperties) = preSolution
		HideSolutionNode = FALSE
	EndGlobalSection
	GlobalSection(ExtensibilityGlobals) = postSolution
		SolutionGuid = {E7BB02CA-264A-40FA-94C0-52BA18C76C75}
	EndGlobalSection
EndGlobal
